
Microsoft Visual Studio Solution File, Format Version 12.00
# Visual Studio 2013
VisualStudioVersion = 12.0.30723.0
MinimumVisualStudioVersion = 10.0.40219.1
Project("{FAE04EC0-301F-11D3-BF4B-00C04F79EFBC}") = "WindowsForms_X-x-O", "WindowsForms_X-x-O\WindowsForms_X-x-O.csproj", "{6042A4C6-718D-4206-B63B-AB9C6C3D3FDB}"
EndProject
Project("{FAE04EC0-301F-11D3-BF4B-00C04F79EFBC}") = "ConsoleApplicationHost", "ConsoleApplicationHost\ConsoleApplicationHost.csproj", "{8496A51C-01B6-4255-8BB2-21D6540C09FE}"
EndProject
Project("{FAE04EC0-301F-11D3-BF4B-00C04F79EFBC}") = "WcfServiceLibrary1", "WcfServiceLibrary1\WcfServiceLibrary1.csproj", "{1647606F-4414-4392-8B4A-96B3A1639333}"
EndProject
Global
	GlobalSection(SolutionConfigurationPlatforms) = preSolution
		Debug|Any CPU = Debug|Any CPU
		Release|Any CPU = Release|Any CPU
	EndGlobalSection
	GlobalSection(ProjectConfigurationPlatforms) = postSolution
		{6042A4C6-718D-4206-B63B-AB9C6C3D3FDB}.Debug|Any CPU.ActiveCfg = Debug|Any CPU
		{6042A4C6-718D-4206-B63B-AB9C6C3D3FDB}.Debug|Any CPU.Build.0 = Debug|Any CPU
		{6042A4C6-718D-4206-B63B-AB9C6C3D3FDB}.Release|Any CPU.ActiveCfg = Release|Any CPU
		{6042A4C6-718D-4206-B63B-AB9C6C3D3FDB}.Release|Any CPU.Build.0 = Release|Any CPU
		{8496A51C-01B6-4255-8BB2-21D6540C09FE}.Debug|Any CPU.ActiveCfg = Debug|Any CPU
		{8496A51C-01B6-4255-8BB2-21D6540C09FE}.Debug|Any CPU.Build.0 = Debug|Any CPU
		{8496A51C-01B6-4255-8BB2-21D6540C09FE}.Release|Any CPU.ActiveCfg = Release|Any CPU
		{8496A51C-01B6-4255-8BB2-21D6540C09FE}.Release|Any CPU.Build.0 = Release|Any CPU
		{1647606F-4414-4392-8B4A-96B3A1639333}.Debug|Any CPU.ActiveCfg = Debug|Any CPU
		{1647606F-4414-4392-8B4A-96B3A1639333}.Debug|Any CPU.Build.0 = Debug|Any CPU
		{1647606F-4414-4392-8B4A-96B3A1639333}.Release|Any CPU.ActiveCfg = Release|Any CPU
		{1647606F-4414-4392-8B4A-96B3A1639333}.Release|Any CPU.Build.0 = Release|Any CPU
	EndGlobalSection
	GlobalSection(SolutionProperties) = preSolution
		HideSolutionNode = FALSE
	EndGlobalSection
EndGlobal
